
Microsoft Visual Studio Solution File, Format Version 12.00
# Visual Studio Version 17
VisualStudioVersion = 17.12.35209.166
MinimumVisualStudioVersion = 10.0.40219.1
Project("{FAE04EC0-301F-11D3-BF4B-00C04F79EFBC}") = "DataAccess", "DataAccess\DataAccess.csproj", "{E7152860-9035-4A0B-88A8-5490415F3C8F}"
EndProject
Project("{FAE04EC0-301F-11D3-BF4B-00C04F79EFBC}") = "Entities", "Entities\Entities.csproj", "{7F70023C-1A13-4A4E-BBB4-3E3CAA1776D5}"
EndProject
Project("{FAE04EC0-301F-11D3-BF4B-00C04F79EFBC}") = "Business", "Business\Business.csproj", "{ECE66787-FBF2-409F-9E51-26A8A8325D1A}"
EndProject
Project("{FAE04EC0-301F-11D3-BF4B-00C04F79EFBC}") = "ConsoleUI", "ConsoleUI\ConsoleUI.csproj", "{4B91FE02-793E-457B-82A9-4371FFB0AE35}"
EndProject
Project("{FAE04EC0-301F-11D3-BF4B-00C04F79EFBC}") = "Core", "Core\Core.csproj", "{8FC1376F-B569-4232-B43D-D3A4A29741F1}"
EndProject
Project("{FAE04EC0-301F-11D3-BF4B-00C04F79EFBC}") = "WebAPI", "WebAPI\WebAPI.csproj", "{0F96211D-61D4-40C9-8391-423016137191}"
EndProject
Global
	GlobalSection(SolutionConfigurationPlatforms) = preSolution
		Debug|Any CPU = Debug|Any CPU
		Release|Any CPU = Release|Any CPU
	EndGlobalSection
	GlobalSection(ProjectConfigurationPlatforms) = postSolution
		{E7152860-9035-4A0B-88A8-5490415F3C8F}.Debug|Any CPU.ActiveCfg = Debug|Any CPU
		{E7152860-9035-4A0B-88A8-5490415F3C8F}.Debug|Any CPU.Build.0 = Debug|Any CPU
		{E7152860-9035-4A0B-88A8-5490415F3C8F}.Release|Any CPU.ActiveCfg = Release|Any CPU
		{E7152860-9035-4A0B-88A8-5490415F3C8F}.Release|Any CPU.Build.0 = Release|Any CPU
		{7F70023C-1A13-4A4E-BBB4-3E3CAA1776D5}.Debug|Any CPU.ActiveCfg = Debug|Any CPU
		{7F70023C-1A13-4A4E-BBB4-3E3CAA1776D5}.Debug|Any CPU.Build.0 = Debug|Any CPU
		{7F70023C-1A13-4A4E-BBB4-3E3CAA1776D5}.Release|Any CPU.ActiveCfg = Release|Any CPU
		{7F70023C-1A13-4A4E-BBB4-3E3CAA1776D5}.Release|Any CPU.Build.0 = Release|Any CPU
		{ECE66787-FBF2-409F-9E51-26A8A8325D1A}.Debug|Any CPU.ActiveCfg = Debug|Any CPU
		{ECE66787-FBF2-409F-9E51-26A8A8325D1A}.Debug|Any CPU.Build.0 = Debug|Any CPU
		{ECE66787-FBF2-409F-9E51-26A8A8325D1A}.Release|Any CPU.ActiveCfg = Release|Any CPU
		{ECE66787-FBF2-409F-9E51-26A8A8325D1A}.Release|Any CPU.Build.0 = Release|Any CPU
		{4B91FE02-793E-457B-82A9-4371FFB0AE35}.Debug|Any CPU.ActiveCfg = Debug|Any CPU
		{4B91FE02-793E-457B-82A9-4371FFB0AE35}.Debug|Any CPU.Build.0 = Debug|Any CPU
		{4B91FE02-793E-457B-82A9-4371FFB0AE35}.Release|Any CPU.ActiveCfg = Release|Any CPU
		{4B91FE02-793E-457B-82A9-4371FFB0AE35}.Release|Any CPU.Build.0 = Release|Any CPU
		{8FC1376F-B569-4232-B43D-D3A4A29741F1}.Debug|Any CPU.ActiveCfg = Debug|Any CPU
		{8FC1376F-B569-4232-B43D-D3A4A29741F1}.Debug|Any CPU.Build.0 = Debug|Any CPU
		{8FC1376F-B569-4232-B43D-D3A4A29741F1}.Release|Any CPU.ActiveCfg = Release|Any CPU
		{8FC1376F-B569-4232-B43D-D3A4A29741F1}.Release|Any CPU.Build.0 = Release|Any CPU
		{0F96211D-61D4-40C9-8391-423016137191}.Debug|Any CPU.ActiveCfg = Debug|Any CPU
		{0F96211D-61D4-40C9-8391-423016137191}.Debug|Any CPU.Build.0 = Debug|Any CPU
		{0F96211D-61D4-40C9-8391-423016137191}.Release|Any CPU.ActiveCfg = Release|Any CPU
		{0F96211D-61D4-40C9-8391-423016137191}.Release|Any CPU.Build.0 = Release|Any CPU
	EndGlobalSection
	GlobalSection(SolutionProperties) = preSolution
		HideSolutionNode = FALSE
	EndGlobalSection
	GlobalSection(ExtensibilityGlobals) = postSolution
		SolutionGuid = {9B6F32C0-F766-4073-AF3C-B69D0A51E0FE}
	EndGlobalSection
EndGlobal
